// !$*UTF8*$!
{
	archiveVersion = 1;
	classes = {
	};
	objectVersion = 46;
	objects = {

/* Begin PBXBuildFile section */
		185E030F1B4ED0250055DBFB /* AppDelegate.swift in Sources */ = {isa = PBXBuildFile; fileRef = 185E030E1B4ED0250055DBFB /* AppDelegate.swift */; };
		185E03111B4ED0250055DBFB /* Images.xcassets in Resources */ = {isa = PBXBuildFile; fileRef = 185E03101B4ED0250055DBFB /* Images.xcassets */; };
		185E03141B4ED0250055DBFB /* MainMenu.xib in Resources */ = {isa = PBXBuildFile; fileRef = 185E03121B4ED0250055DBFB /* MainMenu.xib */; };
		185E03201B4ED0250055DBFB /* ScaryBugsMacTests.swift in Sources */ = {isa = PBXBuildFile; fileRef = 185E031F1B4ED0250055DBFB /* ScaryBugsMacTests.swift */; };
/* End PBXBuildFile section */

/* Begin PBXContainerItemProxy section */
		185E031A1B4ED0250055DBFB /* PBXContainerItemProxy */ = {
			isa = PBXContainerItemProxy;
			containerPortal = 185E03011B4ED0250055DBFB /* Project object */;
			proxyType = 1;
			remoteGlobalIDString = 185E03081B4ED0250055DBFB;
			remoteInfo = ScaryBugsMac;
		};
/* End PBXContainerItemProxy section */

/* Begin PBXFileReference section */
		185E03091B4ED0250055DBFB /* ScaryBugsMac.app */ = {isa = PBXFileReference; explicitFileType = wrapper.application; includeInIndex = 0; path = ScaryBugsMac.app; sourceTree = BUILT_PRODUCTS_DIR; };
		185E030D1B4ED0250055DBFB /* Info.plist */ = {isa = PBXFileReference; lastKnownFileType = text.plist.xml; path = Info.plist; sourceTree = "<group>"; };
		185E030E1B4ED0250055DBFB /* AppDelegate.swift */ = {isa = PBXFileReference; lastKnownFileType = sourcecode.swift; path = AppDelegate.swift; sourceTree = "<group>"; };
		185E03101B4ED0250055DBFB /* Images.xcassets */ = {isa = PBXFileReference; lastKnownFileType = folder.assetcatalog; path = Images.xcassets; sourceTree = "<group>"; };
		185E03131B4ED0250055DBFB /* Base */ = {isa = PBXFileReference; lastKnownFileType = file.xib; name = Base; path = Base.lproj/MainMenu.xib; sourceTree = "<group>"; };
		185E03191B4ED0250055DBFB /* ScaryBugsMacTests.xctest */ = {isa = PBXFileReference; explicitFileType = wrapper.cfbundle; includeInIndex = 0; path = ScaryBugsMacTests.xctest; sourceTree = BUILT_PRODUCTS_DIR; };
		185E031E1B4ED0250055DBFB /* Info.plist */ = {isa = PBXFileReference; lastKnownFileType = text.plist.xml; path = Info.plist; sourceTree = "<group>"; };
		185E031F1B4ED0250055DBFB /* ScaryBugsMacTests.swift */ = {isa = PBXFileReference; lastKnownFileType = sourcecode.swift; path = ScaryBugsMacTests.swift; sourceTree = "<group>"; };
/* End PBXFileReference section */

/* Begin PBXFrameworksBuildPhase section */
		185E03061B4ED0250055DBFB /* Frameworks */ = {
			isa = PBXFrameworksBuildPhase;
			buildActionMask = 2147483647;
			files = (
			);
			runOnlyForDeploymentPostprocessing = 0;
		};
		185E03161B4ED0250055DBFB /* Frameworks */ = {
			isa = PBXFrameworksBuildPhase;
			buildActionMask = 2147483647;
			files = (
			);
			runOnlyForDeploymentPostprocessing = 0;
		};
/* End PBXFrameworksBuildPhase section */

/* Begin PBXGroup section */
		185E03001B4ED0250055DBFB = {
			isa = PBXGroup;
			children = (
				185E030B1B4ED0250055DBFB /* ScaryBugsMac */,
				185E031C1B4ED0250055DBFB /* ScaryBugsMacTests */,
				185E030A1B4ED0250055DBFB /* Products */,
			);
			sourceTree = "<group>";
		};
		185E030A1B4ED0250055DBFB /* Products */ = {
			isa = PBXGroup;
			children = (
				185E03091B4ED0250055DBFB /* ScaryBugsMac.app */,
				185E03191B4ED0250055DBFB /* ScaryBugsMacTests.xctest */,
			);
			name = Products;
			sourceTree = "<group>";
		};
		185E030B1B4ED0250055DBFB /* ScaryBugsMac */ = {
			isa = PBXGroup;
			children = (
				185E030E1B4ED0250055DBFB /* AppDelegate.swift */,
				185E03101B4ED0250055DBFB /* Images.xcassets */,
				185E03121B4ED0250055DBFB /* MainMenu.xib */,
				185E030C1B4ED0250055DBFB /* Supporting Files */,
			);
			path = ScaryBugsMac;
			sourceTree = "<group>";
		};
		185E030C1B4ED0250055DBFB /* Supporting Files */ = {
			isa = PBXGroup;
			children = (
				185E030D1B4ED0250055DBFB /* Info.plist */,
			);
			name = "Supporting Files";
			sourceTree = "<group>";
		};
		185E031C1B4ED0250055DBFB /* ScaryBugsMacTests */ = {
			isa = PBXGroup;
			children = (
				185E031F1B4ED0250055DBFB /* ScaryBugsMacTests.swift */,
				185E031D1B4ED0250055DBFB /* Supporting Files */,
			);
			path = ScaryBugsMacTests;
			sourceTree = "<group>";
		};
		185E031D1B4ED0250055DBFB /* Supporting Files */ = {
			isa = PBXGroup;
			children = (
				185E031E1B4ED0250055DBFB /* Info.plist */,
			);
			name = "Supporting Files";
			sourceTree = "<group>";
		};
/* End PBXGroup section */

/* Begin PBXNativeTarget section */
		185E03081B4ED0250055DBFB /* ScaryBugsMac */ = {
			isa = PBXNativeTarget;
			buildConfigurationList = 185E03231B4ED0250055DBFB /* Build configuration list for PBXNativeTarget "ScaryBugsMac" */;
			buildPhases = (
				185E03051B4ED0250055DBFB /* Sources */,
				185E03061B4ED0250055DBFB /* Frameworks */,
				185E03071B4ED0250055DBFB /* Resources */,
			);
			buildRules = (
			);
			dependencies = (
			);
			name = ScaryBugsMac;
			productName = ScaryBugsMac;
			productReference = 185E03091B4ED0250055DBFB /* ScaryBugsMac.app */;
			productType = "com.apple.product-type.application";
		};
		185E03181B4ED0250055DBFB /* ScaryBugsMacTests */ = {
			isa = PBXNativeTarget;
			buildConfigurationList = 185E03261B4ED0250055DBFB /* Build configuration list for PBXNativeTarget "ScaryBugsMacTests" */;
			buildPhases = (
				185E03151B4ED0250055DBFB /* Sources */,
				185E03161B4ED0250055DBFB /* Frameworks */,
				185E03171B4ED0250055DBFB /* Resources */,
			);
			buildRules = (
			);
			dependencies = (
				185E031B1B4ED0250055DBFB /* PBXTargetDependency */,
			);
			name = ScaryBugsMacTests;
			productName = ScaryBugsMacTests;
			productReference = 185E03191B4ED0250055DBFB /* ScaryBugsMacTests.xctest */;
			productType = "com.apple.product-type.bundle.unit-test";
		};
/* End PBXNativeTarget section */

/* Begin PBXProject section */
		185E03011B4ED0250055DBFB /* Project object */ = {
			isa = PBXProject;
			attributes = {
				LastUpgradeCheck = 0640;
				ORGANIZATIONNAME = "Kristofer Doman";
				TargetAttributes = {
					185E03081B4ED0250055DBFB = {
						CreatedOnToolsVersion = 6.4;
					};
					185E03181B4ED0250055DBFB = {
						CreatedOnToolsVersion = 6.4;
						TestTargetID = 185E03081B4ED0250055DBFB;
					};
				};
			};
			buildConfigurationList = 185E03041B4ED0250055DBFB /* Build configuration list for PBXProject "ScaryBugsMac" */;
			compatibilityVersion = "Xcode 3.2";
			developmentRegion = English;
			hasScannedForEncodings = 0;
			knownRegions = (
				en,
				Base,
			);
			mainGroup = 185E03001B4ED0250055DBFB;
			productRefGroup = 185E030A1B4ED0250055DBFB /* Products */;
			projectDirPath = "";
			projectRoot = "";
			targets = (
				185E03081B4ED0250055DBFB /* ScaryBugsMac */,
				185E03181B4ED0250055DBFB /* ScaryBugsMacTests */,
			);
		};
/* End PBXProject section */

/* Begin PBXResourcesBuildPhase section */
		185E03071B4ED0250055DBFB /* Resources */ = {
			isa = PBXResourcesBuildPhase;
			buildActionMask = 2147483647;
			files = (
				185E03111B4ED0250055DBFB /* Images.xcassets in Resources */,
				185E03141B4ED0250055DBFB /* MainMenu.xib in Resources */,
			);
			runOnlyForDeploymentPostprocessing = 0;
		};
		185E03171B4ED0250055DBFB /* Resources */ = {
			isa = PBXResourcesBuildPhase;
			buildActionMask = 2147483647;
			files = (
			);
			runOnlyForDeploymentPostprocessing = 0;
		};
/* End PBXResourcesBuildPhase section */

/* Begin PBXSourcesBuildPhase section */
		185E03051B4ED0250055DBFB /* Sources */ = {
			isa = PBXSourcesBuildPhase;
			buildActionMask = 2147483647;
			files = (
				185E030F1B4ED0250055DBFB /* AppDelegate.swift in Sources */,
			);
			runOnlyForDeploymentPostprocessing = 0;
		};
		185E03151B4ED0250055DBFB /* Sources */ = {
			isa = PBXSourcesBuildPhase;
			buildActionMask = 2147483647;
			files = (
				185E03201B4ED0250055DBFB /* ScaryBugsMacTests.swift in Sources */,
			);
			runOnlyForDeploymentPostprocessing = 0;
		};
/* End PBXSourcesBuildPhase section */

/* Begin PBXTargetDependency section */
		185E031B1B4ED0250055DBFB /* PBXTargetDependency */ = {
			isa = PBXTargetDependency;
			target = 185E03081B4ED0250055DBFB /* ScaryBugsMac */;
			targetProxy = 185E031A1B4ED0250055DBFB /* PBXContainerItemProxy */;
		};
/* End PBXTargetDependency section */

/* Begin PBXVariantGroup section */
		185E03121B4ED0250055DBFB /* MainMenu.xib */ = {
			isa = PBXVariantGroup;
			children = (
				185E03131B4ED0250055DBFB /* Base */,
			);
			name = MainMenu.xib;
			sourceTree = "<group>";
		};
/* End PBXVariantGroup section */

/* Begin XCBuildConfiguration section */
		185E03211B4ED0250055DBFB /* Debug */ = {
			isa = XCBuildConfiguration;
			buildSettings = {
				ALWAYS_SEARCH_USER_PATHS = NO;
				CLANG_CXX_LANGUAGE_STANDARD = "gnu++0x";
				CLANG_CXX_LIBRARY = "libc++";
				CLANG_ENABLE_MODULES = YES;
				CLANG_ENABLE_OBJC_ARC = YES;
				CLANG_WARN_BOOL_CONVERSION = YES;
				CLANG_WARN_CONSTANT_CONVERSION = YES;
				CLANG_WARN_DIRECT_OBJC_ISA_USAGE = YES_ERROR;
				CLANG_WARN_EMPTY_BODY = YES;
				CLANG_WARN_ENUM_CONVERSION = YES;
				CLANG_WARN_INT_CONVERSION = YES;
				CLANG_WARN_OBJC_ROOT_CLASS = YES_ERROR;
				CLANG_WARN_UNREACHABLE_CODE = YES;
				CLANG_WARN__DUPLICATE_METHOD_MATCH = YES;
				CODE_SIGN_IDENTITY = "-";
				COPY_PHASE_STRIP = NO;
				DEBUG_INFORMATION_FORMAT = dwarf;
				ENABLE_STRICT_OBJC_MSGSEND = YES;
				GCC_C_LANGUAGE_STANDARD = gnu99;
				GCC_DYNAMIC_NO_PIC = NO;
				GCC_NO_COMMON_BLOCKS = YES;
				GCC_OPTIMIZATION_LEVEL = 0;
				GCC_PREPROCESSOR_DEFINITIONS = (
					"DEBUG=1",
					"$(inherited)",
				);
				GCC_SYMBOLS_PRIVATE_EXTERN = NO;
				GCC_WARN_64_TO_32_BIT_CONVERSION = YES;
				GCC_WARN_ABOUT_RETURN_TYPE = YES_ERROR;
				GCC_WARN_UNDECLARED_SELECTOR = YES;
				GCC_WARN_UNINITIALIZED_AUTOS = YES_AGGRESSIVE;
				GCC_WARN_UNUSED_FUNCTION = YES;
				GCC_WARN_UNUSED_VARIABLE = YES;
				MACOSX_DEPLOYMENT_TARGET = 10.10;
				MTL_ENABLE_DEBUG_INFO = YES;
				ONLY_ACTIVE_ARCH = YES;
				SDKROOT = macosx;
				SWIFT_OPTIMIZATION_LEVEL = "-Onone";
			};
			name = Debug;
		};
		185E03221B4ED0250055DBFB /* Release */ = {
			isa = XCBuildConfiguration;
			buildSettings = {
				ALWAYS_SEARCH_USER_PATHS = NO;
				CLANG_CXX_LANGUAGE_STANDARD = "gnu++0x";
				CLANG_CXX_LIBRARY = "libc++";
				CLANG_ENABLE_MODULES = YES;
				CLANG_ENABLE_OBJC_ARC = YES;
				CLANG_WARN_BOOL_CONVERSION = YES;
				CLANG_WARN_CONSTANT_CONVERSION = YES;
				CLANG_WARN_DIRECT_OBJC_ISA_USAGE = YES_ERROR;
				CLANG_WARN_EMPTY_BODY = YES;
				CLANG_WARN_ENUM_CONVERSION = YES;
				CLANG_WARN_INT_CONVERSION = YES;
				CLANG_WARN_OBJC_ROOT_CLASS = YES_ERROR;
				CLANG_WARN_UNREACHABLE_CODE = YES;
				CLANG_WARN__DUPLICATE_METHOD_MATCH = YES;
				CODE_SIGN_IDENTITY = "-";
				COPY_PHASE_STRIP = NO;
				DEBUG_INFORMATION_FORMAT = "dwarf-with-dsym";
				ENABLE_NS_ASSERTIONS = NO;
				ENABLE_STRICT_OBJC_MSGSEND = YES;
				GCC_C_LANGUAGE_STANDARD = gnu99;
				GCC_NO_COMMON_BLOCKS = YES;
				GCC_WARN_64_TO_32_BIT_CONVERSION = YES;
				GCC_WARN_ABOUT_RETURN_TYPE = YES_ERROR;
				GCC_WARN_UNDECLARED_SELECTOR = YES;
				GCC_WARN_UNINITIALIZED_AUTOS = YES_AGGRESSIVE;
				GCC_WARN_UNUSED_FUNCTION = YES;
				GCC_WARN_UNUSED_VARIABLE = YES;
				MACOSX_DEPLOYMENT_TARGET = 10.10;
				MTL_ENABLE_DEBUG_INFO = NO;
				SDKROOT = macosx;
			};
			name = Release;
		};
		185E03241B4ED0250055DBFB /* Debug */ = {
			isa = XCBuildConfiguration;
			buildSettings = {
				ASSETCATALOG_COMPILER_APPICON_NAME = AppIcon;
				COMBINE_HIDPI_IMAGES = YES;
				INFOPLIST_FILE = ScaryBugsMac/Info.plist;
				LD_RUNPATH_SEARCH_PATHS = "$(inherited) @executable_path/../Frameworks";
				PRODUCT_NAME = "$(TARGET_NAME)";
			};
			name = Debug;
		};
		185E03251B4ED0250055DBFB /* Release */ = {
			isa = XCBuildConfiguration;
			buildSettings = {
				ASSETCATALOG_COMPILER_APPICON_NAME = AppIcon;
				COMBINE_HIDPI_IMAGES = YES;
				INFOPLIST_FILE = ScaryBugsMac/Info.plist;
				LD_RUNPATH_SEARCH_PATHS = "$(inherited) @executable_path/../Frameworks";
				PRODUCT_NAME = "$(TARGET_NAME)";
			};
			name = Release;
		};
		185E03271B4ED0250055DBFB /* Debug */ = {
			isa = XCBuildConfiguration;
			buildSettings = {
				BUNDLE_LOADER = "$(TEST_HOST)";
				COMBINE_HIDPI_IMAGES = YES;
				FRAMEWORK_SEARCH_PATHS = (
					"$(DEVELOPER_FRAMEWORKS_DIR)",
					"$(inherited)",
				);
				GCC_PREPROCESSOR_DEFINITIONS = (
					"DEBUG=1",
					"$(inherited)",
				);
				INFOPLIST_FILE = ScaryBugsMacTests/Info.plist;
				LD_RUNPATH_SEARCH_PATHS = "$(inherited) @executable_path/../Frameworks @loader_path/../Frameworks";
				PRODUCT_NAME = "$(TARGET_NAME)";
				TEST_HOST = "$(BUILT_PRODUCTS_DIR)/ScaryBugsMac.app/Contents/MacOS/ScaryBugsMac";
			};
			name = Debug;
		};
		185E03281B4ED0250055DBFB /* Release */ = {
			isa = XCBuildConfiguration;
			buildSettings = {
				BUNDLE_LOADER = "$(TEST_HOST)";
				COMBINE_HIDPI_IMAGES = YES;
				FRAMEWORK_SEARCH_PATHS = (
					"$(DEVELOPER_FRAMEWORKS_DIR)",
					"$(inherited)",
				);
				INFOPLIST_FILE = ScaryBugsMacTests/Info.plist;
				LD_RUNPATH_SEARCH_PATHS = "$(inherited) @executable_path/../Frameworks @loader_path/../Frameworks";
				PRODUCT_NAME = "$(TARGET_NAME)";
				TEST_HOST = "$(BUILT_PRODUCTS_DIR)/ScaryBugsMac.app/Contents/MacOS/ScaryBugsMac";
			};
			name = Release;
		};
/* End XCBuildConfiguration section */

/* Begin XCConfigurationList section */
		185E03041B4ED0250055DBFB /* Build configuration list for PBXProject "ScaryBugsMac" */ = {
			isa = XCConfigurationList;
			buildConfigurations = (
				185E03211B4ED0250055DBFB /* Debug */,
				185E03221B4ED0250055DBFB /* Release */,
			);
			defaultConfigurationIsVisible = 0;
			defaultConfigurationName = Release;
		};
		185E03231B4ED0250055DBFB /* Build configuration list for PBXNativeTarget "ScaryBugsMac" */ = {
			isa = XCConfigurationList;
			buildConfigurations = (
				185E03241B4ED0250055DBFB /* Debug */,
				185E03251B4ED0250055DBFB /* Release */,
			);
			defaultConfigurationIsVisible = 0;
		};
		185E03261B4ED0250055DBFB /* Build configuration list for PBXNativeTarget "ScaryBugsMacTests" */ = {
			isa = XCConfigurationList;
			buildConfigurations = (
				185E03271B4ED0250055DBFB /* Debug */,
				185E03281B4ED0250055DBFB /* Release */,
			);
			defaultConfigurationIsVisible = 0;
		};
/* End XCConfigurationList section */
	};
	rootObject = 185E03011B4ED0250055DBFB /* Project object */;
}
